
Microsoft Visual Studio Solution File, Format Version 12.00
# Visual Studio Version 17
VisualStudioVersion = 17.5.002.0
MinimumVisualStudioVersion = 10.0.40219.1
Project("{9A19103F-16F7-4668-BE54-9A1E7A4F7556}") = "Tasks", "Tasks.csproj", "{4E222898-815C-4B7D-8BF3-9141C2CD08A7}"
EndProject
Global
	GlobalSection(SolutionConfigurationPlatforms) = preSolution
		Debug|Any CPU = Debug|Any CPU
		Release|Any CPU = Release|Any CPU
	EndGlobalSection
	GlobalSection(ProjectConfigurationPlatforms) = postSolution
		{4E222898-815C-4B7D-8BF3-9141C2CD08A7}.Debug|Any CPU.ActiveCfg = Debug|Any CPU
		{4E222898-815C-4B7D-8BF3-9141C2CD08A7}.Debug|Any CPU.Build.0 = Debug|Any CPU
		{4E222898-815C-4B7D-8BF3-9141C2CD08A7}.Release|Any CPU.ActiveCfg = Release|Any CPU
		{4E222898-815C-4B7D-8BF3-9141C2CD08A7}.Release|Any CPU.Build.0 = Release|Any CPU
	EndGlobalSection
	GlobalSection(SolutionProperties) = preSolution
		HideSolutionNode = FALSE
	EndGlobalSection
	GlobalSection(ExtensibilityGlobals) = postSolution
		SolutionGuid = {5A62C8B2-E4AA-4CE8-B598-6ED4BE04AFE2}
	EndGlobalSection
EndGlobal
